
Microsoft Visual Studio Solution File, Format Version 11.00
# Visual Studio 2010
# SharpDevelop 5.1
Project("{FAE04EC0-301F-11D3-BF4B-00C04F79EFBC}") = "Windows10", "Windows10\Windows10.csproj", "{C778DF39-798C-44D9-AF20-3EA6B7668C6D}"
EndProject
Global
	GlobalSection(SolutionConfigurationPlatforms) = preSolution
		Debug|Any CPU = Debug|Any CPU
		Release|Any CPU = Release|Any CPU
	EndGlobalSection
	GlobalSection(ProjectConfigurationPlatforms) = postSolution
		{C778DF39-798C-44D9-AF20-3EA6B7668C6D}.Debug|Any CPU.ActiveCfg = Debug|Any CPU
		{C778DF39-798C-44D9-AF20-3EA6B7668C6D}.Debug|Any CPU.Build.0 = Debug|Any CPU
		{C778DF39-798C-44D9-AF20-3EA6B7668C6D}.Release|Any CPU.ActiveCfg = Release|Any CPU
		{C778DF39-798C-44D9-AF20-3EA6B7668C6D}.Release|Any CPU.Build.0 = Release|Any CPU
	EndGlobalSection
EndGlobal
